Microsoft Visual Studio Solution File, Format Version 11.00
# Visual Studio 2008

Project("{00DDA305-C857-4166-D520-7B22023AA7EA}") = "LeapVideo", "Assembly-CSharp.csproj", "{8AC7376D-BB44-A1B8-40F4-EE559148BBBF}"
EndProject
Global
	GlobalSection(SolutionConfigurationPlatforms) = preSolution
		Debug|Any CPU = Debug|Any CPU
		Release|Any CPU = Release|Any CPU
	EndGlobalSection
	GlobalSection(ProjectConfigurationPlatforms) = postSolution
		{8AC7376D-BB44-A1B8-40F4-EE559148BBBF}.Debug|Any CPU.ActiveCfg = Debug|Any CPU
		{8AC7376D-BB44-A1B8-40F4-EE559148BBBF}.Debug|Any CPU.Build.0 = Debug|Any CPU
		{8AC7376D-BB44-A1B8-40F4-EE559148BBBF}.Release|Any CPU.ActiveCfg = Release|Any CPU
		{8AC7376D-BB44-A1B8-40F4-EE559148BBBF}.Release|Any CPU.Build.0 = Release|Any CPU
	EndGlobalSection
	GlobalSection(SolutionProperties) = preSolution
		HideSolutionNode = FALSE
	EndGlobalSection
																																																								GlobalSection(MonoDevelopProperties) = preSolution
		StartupItem = Assembly-CSharp.csproj
		Policies = $0
		$0.TextStylePolicy = $1
		$1.inheritsSet = null
		$1.scope = text/x-csharp
		$0.CSharpFormattingPolicy = $2
		$2.inheritsSet = Mono
		$2.inheritsScope = text/x-csharp
		$2.scope = text/x-csharp
		$0.TextStylePolicy = $3
		$3.FileWidth = 120
		$3.TabWidth = 4
		$3.EolMarker = Unix
		$3.inheritsSet = Mono
		$3.inheritsScope = text/plain
		$3.scope = text/plain
	EndGlobalSection

EndGlobal
